// !$*UTF8*$!
{
	archiveVersion = 1;
	classes = {
	};
	objectVersion = 46;
	objects = {

/* Begin PBXBuildFile section */
		7C390A451D10773B00F0CE67 /* AppDelegate.swift in Sources */ = {isa = PBXBuildFile; fileRef = 7C390A441D10773B00F0CE67 /* AppDelegate.swift */; };
		7C390A4A1D10773B00F0CE67 /* Main.storyboard in Resources */ = {isa = PBXBuildFile; fileRef = 7C390A481D10773B00F0CE67 /* Main.storyboard */; };
		7C390A4C1D10773B00F0CE67 /* Assets.xcassets in Resources */ = {isa = PBXBuildFile; fileRef = 7C390A4B1D10773B00F0CE67 /* Assets.xcassets */; };
		7C390A4F1D10773B00F0CE67 /* LaunchScreen.storyboard in Resources */ = {isa = PBXBuildFile; fileRef = 7C390A4D1D10773B00F0CE67 /* LaunchScreen.storyboard */; };
		7C390A571D10777200F0CE67 /* MyTableViewController.swift in Sources */ = {isa = PBXBuildFile; fileRef = 7C390A561D10777200F0CE67 /* MyTableViewController.swift */; };
/* End PBXBuildFile section */

/* Begin PBXFileReference section */
		7C390A411D10773B00F0CE67 /* SWJSONTable.app */ = {isa = PBXFileReference; explicitFileType = wrapper.application; includeInIndex = 0; path = SWJSONTable.app; sourceTree = BUILT_PRODUCTS_DIR; };
		7C390A441D10773B00F0CE67 /* AppDelegate.swift */ = {isa = PBXFileReference; lastKnownFileType = sourcecode.swift; path = AppDelegate.swift; sourceTree = "<group>"; };
		7C390A491D10773B00F0CE67 /* Base */ = {isa = PBXFileReference; lastKnownFileType = file.storyboard; name = Base; path = Base.lproj/Main.storyboard; sourceTree = "<group>"; };
		7C390A4B1D10773B00F0CE67 /* Assets.xcassets */ = {isa = PBXFileReference; lastKnownFileType = folder.assetcatalog; path = Assets.xcassets; sourceTree = "<group>"; };
		7C390A4E1D10773B00F0CE67 /* Base */ = {isa = PBXFileReference; lastKnownFileType = file.storyboard; name = Base; path = Base.lproj/LaunchScreen.storyboard; sourceTree = "<group>"; };
		7C390A501D10773B00F0CE67 /* Info.plist */ = {isa = PBXFileReference; lastKnownFileType = text.plist.xml; path = Info.plist; sourceTree = "<group>"; };
		7C390A561D10777200F0CE67 /* MyTableViewController.swift */ = {isa = PBXFileReference; fileEncoding = 4; lastKnownFileType = sourcecode.swift; path = MyTableViewController.swift; sourceTree = "<group>"; };
/* End PBXFileReference section */

/* Begin PBXFrameworksBuildPhase section */
		7C390A3E1D10773B00F0CE67 /* Frameworks */ = {
			isa = PBXFrameworksBuildPhase;
			buildActionMask = 2147483647;
			files = (
			);
			runOnlyForDeploymentPostprocessing = 0;
		};
/* End PBXFrameworksBuildPhase section */

/* Begin PBXGroup section */
		7C390A381D10773B00F0CE67 = {
			isa = PBXGroup;
			children = (
				7C390A431D10773B00F0CE67 /* SWJSONTable */,
				7C390A421D10773B00F0CE67 /* Products */,
			);
			sourceTree = "<group>";
		};
		7C390A421D10773B00F0CE67 /* Products */ = {
			isa = PBXGroup;
			children = (
				7C390A411D10773B00F0CE67 /* SWJSONTable.app */,
			);
			name = Products;
			sourceTree = "<group>";
		};
		7C390A431D10773B00F0CE67 /* SWJSONTable */ = {
			isa = PBXGroup;
			children = (
				7C390A441D10773B00F0CE67 /* AppDelegate.swift */,
				7C390A481D10773B00F0CE67 /* Main.storyboard */,
				7C390A4B1D10773B00F0CE67 /* Assets.xcassets */,
				7C390A4D1D10773B00F0CE67 /* LaunchScreen.storyboard */,
				7C390A501D10773B00F0CE67 /* Info.plist */,
				7C390A561D10777200F0CE67 /* MyTableViewController.swift */,
			);
			path = SWJSONTable;
			sourceTree = "<group>";
		};
/* End PBXGroup section */

/* Begin PBXNativeTarget section */
		7C390A401D10773B00F0CE67 /* SWJSONTable */ = {
			isa = PBXNativeTarget;
			buildConfigurationList = 7C390A531D10773B00F0CE67 /* Build configuration list for PBXNativeTarget "SWJSONTable" */;
			buildPhases = (
				7C390A3D1D10773B00F0CE67 /* Sources */,
				7C390A3E1D10773B00F0CE67 /* Frameworks */,
				7C390A3F1D10773B00F0CE67 /* Resources */,
			);
			buildRules = (
			);
			dependencies = (
			);
			name = SWJSONTable;
			productName = SWJSONTable;
			productReference = 7C390A411D10773B00F0CE67 /* SWJSONTable.app */;
			productType = "com.apple.product-type.application";
		};
/* End PBXNativeTarget section */

/* Begin PBXProject section */
		7C390A391D10773B00F0CE67 /* Project object */ = {
			isa = PBXProject;
			attributes = {
				LastSwiftUpdateCheck = 0720;
				LastUpgradeCheck = 0720;
				ORGANIZATIONNAME = DonMag;
				TargetAttributes = {
					7C390A401D10773B00F0CE67 = {
						CreatedOnToolsVersion = 7.2;
					};
				};
			};
			buildConfigurationList = 7C390A3C1D10773B00F0CE67 /* Build configuration list for PBXProject "SWJSONTable" */;
			compatibilityVersion = "Xcode 3.2";
			developmentRegion = English;
			hasScannedForEncodings = 0;
			knownRegions = (
				en,
				Base,
			);
			mainGroup = 7C390A381D10773B00F0CE67;
			productRefGroup = 7C390A421D10773B00F0CE67 /* Products */;
			projectDirPath = "";
			projectRoot = "";
			targets = (
				7C390A401D10773B00F0CE67 /* SWJSONTable */,
			);
		};
/* End PBXProject section */

/* Begin PBXResourcesBuildPhase section */
		7C390A3F1D10773B00F0CE67 /* Resources */ = {
			isa = PBXResourcesBuildPhase;
			buildActionMask = 2147483647;
			files = (
				7C390A4F1D10773B00F0CE67 /* LaunchScreen.storyboard in Resources */,
				7C390A4C1D10773B00F0CE67 /* Assets.xcassets in Resources */,
				7C390A4A1D10773B00F0CE67 /* Main.storyboard in Resources */,
			);
			runOnlyForDeploymentPostprocessing = 0;
		};
/* End PBXResourcesBuildPhase section */

/* Begin PBXSourcesBuildPhase section */
		7C390A3D1D10773B00F0CE67 /* Sources */ = {
			isa = PBXSourcesBuildPhase;
			buildActionMask = 2147483647;
			files = (
				7C390A571D10777200F0CE67 /* MyTableViewController.swift in Sources */,
				7C390A451D10773B00F0CE67 /* AppDelegate.swift in Sources */,
			);
			runOnlyForDeploymentPostprocessing = 0;
		};
/* End PBXSourcesBuildPhase section */

/* Begin PBXVariantGroup section */
		7C390A481D10773B00F0CE67 /* Main.storyboard */ = {
			isa = PBXVariantGroup;
			children = (
				7C390A491D10773B00F0CE67 /* Base */,
			);
			name = Main.storyboard;
			sourceTree = "<group>";
		};
		7C390A4D1D10773B00F0CE67 /* LaunchScreen.storyboard */ = {
			isa = PBXVariantGroup;
			children = (
				7C390A4E1D10773B00F0CE67 /* Base */,
			);
			name = LaunchScreen.storyboard;
			sourceTree = "<group>";
		};
/* End PBXVariantGroup section */

/* Begin XCBuildConfiguration section */
		7C390A511D10773B00F0CE67 /* Debug */ = {
			isa = XCBuildConfiguration;
			buildSettings = {
				ALWAYS_SEARCH_USER_PATHS = NO;
				CLANG_CXX_LANGUAGE_STANDARD = "gnu++0x";
				CLANG_CXX_LIBRARY = "libc++";
				CLANG_ENABLE_MODULES = YES;
				CLANG_ENABLE_OBJC_ARC = YES;
				CLANG_WARN_BOOL_CONVERSION = YES;
				CLANG_WARN_CONSTANT_CONVERSION = YES;
				CLANG_WARN_DIRECT_OBJC_ISA_USAGE = YES_ERROR;
				CLANG_WARN_EMPTY_BODY = YES;
				CLANG_WARN_ENUM_CONVERSION = YES;
				CLANG_WARN_INT_CONVERSION = YES;
				CLANG_WARN_OBJC_ROOT_CLASS = YES_ERROR;
				CLANG_WARN_UNREACHABLE_CODE = YES;
				CLANG_WARN__DUPLICATE_METHOD_MATCH = YES;
				"CODE_SIGN_IDENTITY[sdk=iphoneos*]" = "iPhone Developer";
				COPY_PHASE_STRIP = NO;
				DEBUG_INFORMATION_FORMAT = dwarf;
				ENABLE_STRICT_OBJC_MSGSEND = YES;
				ENABLE_TESTABILITY = YES;
				GCC_C_LANGUAGE_STANDARD = gnu99;
				GCC_DYNAMIC_NO_PIC = NO;
				GCC_NO_COMMON_BLOCKS = YES;
				GCC_OPTIMIZATION_LEVEL = 0;
				GCC_PREPROCESSOR_DEFINITIONS = (
					"DEBUG=1",
					"$(inherited)",
				);
				GCC_WARN_64_TO_32_BIT_CONVERSION = YES;
				GCC_WARN_ABOUT_RETURN_TYPE = YES_ERROR;
				GCC_WARN_UNDECLARED_SELECTOR = YES;
				GCC_WARN_UNINITIALIZED_AUTOS = YES_AGGRESSIVE;
				GCC_WARN_UNUSED_FUNCTION = YES;
				GCC_WARN_UNUSED_VARIABLE = YES;
				IPHONEOS_DEPLOYMENT_TARGET = 9.2;
				MTL_ENABLE_DEBUG_INFO = YES;
				ONLY_ACTIVE_ARCH = YES;
				SDKROOT = iphoneos;
				SWIFT_OPTIMIZATION_LEVEL = "-Onone";
				TARGETED_DEVICE_FAMILY = "1,2";
			};
			name = Debug;
		};
		7C390A521D10773B00F0CE67 /* Release */ = {
			isa = XCBuildConfiguration;
			buildSettings = {
				ALWAYS_SEARCH_USER_PATHS = NO;
				CLANG_CXX_LANGUAGE_STANDARD = "gnu++0x";
				CLANG_CXX_LIBRARY = "libc++";
				CLANG_ENABLE_MODULES = YES;
				CLANG_ENABLE_OBJC_ARC = YES;
				CLANG_WARN_BOOL_CONVERSION = YES;
				CLANG_WARN_CONSTANT_CONVERSION = YES;
				CLANG_WARN_DIRECT_OBJC_ISA_USAGE = YES_ERROR;
				CLANG_WARN_EMPTY_BODY = YES;
				CLANG_WARN_ENUM_CONVERSION = YES;
				CLANG_WARN_INT_CONVERSION = YES;
				CLANG_WARN_OBJC_ROOT_CLASS = YES_ERROR;
				CLANG_WARN_UNREACHABLE_CODE = YES;
				CLANG_WARN__DUPLICATE_METHOD_MATCH = YES;
				"CODE_SIGN_IDENTITY[sdk=iphoneos*]" = "iPhone Developer";
				COPY_PHASE_STRIP = NO;
				DEBUG_INFORMATION_FORMAT = "dwarf-with-dsym";
				ENABLE_NS_ASSERTIONS = NO;
				ENABLE_STRICT_OBJC_MSGSEND = YES;
				GCC_C_LANGUAGE_STANDARD = gnu99;
				GCC_NO_COMMON_BLOCKS = YES;
				GCC_WARN_64_TO_32_BIT_CONVERSION = YES;
				GCC_WARN_ABOUT_RETURN_TYPE = YES_ERROR;
				GCC_WARN_UNDECLARED_SELECTOR = YES;
				GCC_WARN_UNINITIALIZED_AUTOS = YES_AGGRESSIVE;
				GCC_WARN_UNUSED_FUNCTION = YES;
				GCC_WARN_UNUSED_VARIABLE = YES;
				IPHONEOS_DEPLOYMENT_TARGET = 9.2;
				MTL_ENABLE_DEBUG_INFO = NO;
				SDKROOT = iphoneos;
				TARGETED_DEVICE_FAMILY = "1,2";
				VALIDATE_PRODUCT = YES;
			};
			name = Release;
		};
		7C390A541D10773B00F0CE67 /* Debug */ = {
			isa = XCBuildConfiguration;
			buildSettings = {
				ASSETCATALOG_COMPILER_APPICON_NAME = AppIcon;
				INFOPLIST_FILE = SWJSONTable/Info.plist;
				LD_RUNPATH_SEARCH_PATHS = "$(inherited) @executable_path/Frameworks";
				PRODUCT_BUNDLE_IDENTIFIER = com.donmag.SWJSONTable;
				PRODUCT_NAME = "$(TARGET_NAME)";
			};
			name = Debug;
		};
		7C390A551D10773B00F0CE67 /* Release */ = {
			isa = XCBuildConfiguration;
			buildSettings = {
				ASSETCATALOG_COMPILER_APPICON_NAME = AppIcon;
				INFOPLIST_FILE = SWJSONTable/Info.plist;
				LD_RUNPATH_SEARCH_PATHS = "$(inherited) @executable_path/Frameworks";
				PRODUCT_BUNDLE_IDENTIFIER = com.donmag.SWJSONTable;
				PRODUCT_NAME = "$(TARGET_NAME)";
			};
			name = Release;
		};
/* End XCBuildConfiguration section */

/* Begin XCConfigurationList section */
		7C390A3C1D10773B00F0CE67 /* Build configuration list for PBXProject "SWJSONTable" */ = {
			isa = XCConfigurationList;
			buildConfigurations = (
				7C390A511D10773B00F0CE67 /* Debug */,
				7C390A521D10773B00F0CE67 /* Release */,
			);
			defaultConfigurationIsVisible = 0;
			defaultConfigurationName = Release;
		};
		7C390A531D10773B00F0CE67 /* Build configuration list for PBXNativeTarget "SWJSONTable" */ = {
			isa = XCConfigurationList;
			buildConfigurations = (
				7C390A541D10773B00F0CE67 /* Debug */,
				7C390A551D10773B00F0CE67 /* Release */,
			);
			defaultConfigurationIsVisible = 0;
		};
/* End XCConfigurationList section */
	};
	rootObject = 7C390A391D10773B00F0CE67 /* Project object */;
}
